
Microsoft Visual Studio Solution File, Format Version 12.00
# Visual Studio Version 16
VisualStudioVersion = 16.0.30320.27
MinimumVisualStudioVersion = 10.0.40219.1
Project("{FAE04EC0-301F-11D3-BF4B-00C04F79EFBC}") = "Stereophonic", "Stereophonic\Stereophonic.csproj", "{6B69FC3D-DFC5-41C1-9F5E-BFFE214F1793}"
EndProject
Global
	GlobalSection(SolutionConfigurationPlatforms) = preSolution
		Debug|Any CPU = Debug|Any CPU
		Release|Any CPU = Release|Any CPU
	EndGlobalSection
	GlobalSection(ProjectConfigurationPlatforms) = postSolution
		{6B69FC3D-DFC5-41C1-9F5E-BFFE214F1793}.Debug|Any CPU.ActiveCfg = Debug|Any CPU
		{6B69FC3D-DFC5-41C1-9F5E-BFFE214F1793}.Debug|Any CPU.Build.0 = Debug|Any CPU
		{6B69FC3D-DFC5-41C1-9F5E-BFFE214F1793}.Release|Any CPU.ActiveCfg = Release|Any CPU
		{6B69FC3D-DFC5-41C1-9F5E-BFFE214F1793}.Release|Any CPU.Build.0 = Release|Any CPU
	EndGlobalSection
	GlobalSection(SolutionProperties) = preSolution
		HideSolutionNode = FALSE
	EndGlobalSection
	GlobalSection(ExtensibilityGlobals) = postSolution
		SolutionGuid = {5FBEC029-F48F-45A9-B520-F5B3FCD39247}
	EndGlobalSection
EndGlobal
